
Microsoft Visual Studio Solution File, Format Version 12.00
# Visual Studio 15
VisualStudioVersion = 15.0.28010.2036
MinimumVisualStudioVersion = 10.0.40219.1
Project("{FAE04EC0-301F-11D3-BF4B-00C04F79EFBC}") = "LoveHeart", "LoveHeart\LoveHeart.csproj", "{68138963-9048-4FBC-B41F-ACA3049446B8}"
EndProject
Global
	GlobalSection(SolutionConfigurationPlatforms) = preSolution
		Debug|Any CPU = Debug|Any CPU
		Release|Any CPU = Release|Any CPU
	EndGlobalSection
	GlobalSection(ProjectConfigurationPlatforms) = postSolution
		{68138963-9048-4FBC-B41F-ACA3049446B8}.Debug|Any CPU.ActiveCfg = Debug|Any CPU
		{68138963-9048-4FBC-B41F-ACA3049446B8}.Debug|Any CPU.Build.0 = Debug|Any CPU
		{68138963-9048-4FBC-B41F-ACA3049446B8}.Release|Any CPU.ActiveCfg = Release|Any CPU
		{68138963-9048-4FBC-B41F-ACA3049446B8}.Release|Any CPU.Build.0 = Release|Any CPU
	EndGlobalSection
	GlobalSection(SolutionProperties) = preSolution
		HideSolutionNode = FALSE
	EndGlobalSection
	GlobalSection(ExtensibilityGlobals) = postSolution
		SolutionGuid = {047B2ADE-E37C-4BCA-B1CD-33259D6AB956}
	EndGlobalSection
EndGlobal
